
Microsoft Visual Studio Solution File, Format Version 12.00
# Visual Studio Version 16
VisualStudioVersion = 16.0.30114.105
MinimumVisualStudioVersion = 10.0.40219.1
Project("{2150E333-8FDC-42A3-9474-1A3956D46DE8}") = "src", "src", "{A1445F54-733A-4656-9A8F-02A4E6B1979D}"
EndProject
Project("{2150E333-8FDC-42A3-9474-1A3956D46DE8}") = "test", "test", "{752403DB-82F5-496B-B2D9-BBF2C284BCD4}"
EndProject
Project("{FAE04EC0-301F-11D3-BF4B-00C04F79EFBC}") = "Api.Tests", "test\Api.Tests\Api.Tests.csproj", "{E98BB514-0675-47AD-9803-1CAA1B2D1405}"
EndProject
Project("{FAE04EC0-301F-11D3-BF4B-00C04F79EFBC}") = "Application", "src\Application\Application.csproj", "{4E76A602-4C7E-4C45-B963-EBA2AE5DE22A}"
EndProject
Project("{FAE04EC0-301F-11D3-BF4B-00C04F79EFBC}") = "Persistence", "src\Persistence\Persistence.csproj", "{F3A412B2-500D-4DAD-8E68-A2A8A7865E3E}"
EndProject
Project("{FAE04EC0-301F-11D3-BF4B-00C04F79EFBC}") = "Api", "src\Api\Api.csproj", "{8AC38751-1CFD-4EB9-9E05-689C8DECD859}"
EndProject
Project("{FAE04EC0-301F-11D3-BF4B-00C04F79EFBC}") = "Domain", "src\Domain\Domain.csproj", "{E924E1C8-4543-42D8-8D4C-3C692C09BFE4}"
EndProject
Global
	GlobalSection(SolutionConfigurationPlatforms) = preSolution
		Debug|Any CPU = Debug|Any CPU
		Debug|x64 = Debug|x64
		Debug|x86 = Debug|x86
		Release|Any CPU = Release|Any CPU
		Release|x64 = Release|x64
		Release|x86 = Release|x86
	EndGlobalSection
	GlobalSection(SolutionProperties) = preSolution
		HideSolutionNode = FALSE
	EndGlobalSection
	GlobalSection(ProjectConfigurationPlatforms) = postSolution
		{E98BB514-0675-47AD-9803-1CAA1B2D1405}.Debug|Any CPU.ActiveCfg = Debug|Any CPU
		{E98BB514-0675-47AD-9803-1CAA1B2D1405}.Debug|Any CPU.Build.0 = Debug|Any CPU
		{E98BB514-0675-47AD-9803-1CAA1B2D1405}.Debug|x64.ActiveCfg = Debug|Any CPU
		{E98BB514-0675-47AD-9803-1CAA1B2D1405}.Debug|x64.Build.0 = Debug|Any CPU
		{E98BB514-0675-47AD-9803-1CAA1B2D1405}.Debug|x86.ActiveCfg = Debug|Any CPU
		{E98BB514-0675-47AD-9803-1CAA1B2D1405}.Debug|x86.Build.0 = Debug|Any CPU
		{E98BB514-0675-47AD-9803-1CAA1B2D1405}.Release|Any CPU.ActiveCfg = Release|Any CPU
		{E98BB514-0675-47AD-9803-1CAA1B2D1405}.Release|Any CPU.Build.0 = Release|Any CPU
		{E98BB514-0675-47AD-9803-1CAA1B2D1405}.Release|x64.ActiveCfg = Release|Any CPU
		{E98BB514-0675-47AD-9803-1CAA1B2D1405}.Release|x64.Build.0 = Release|Any CPU
		{E98BB514-0675-47AD-9803-1CAA1B2D1405}.Release|x86.ActiveCfg = Release|Any CPU
		{E98BB514-0675-47AD-9803-1CAA1B2D1405}.Release|x86.Build.0 = Release|Any CPU
		{4E76A602-4C7E-4C45-B963-EBA2AE5DE22A}.Debug|Any CPU.ActiveCfg = Debug|Any CPU
		{4E76A602-4C7E-4C45-B963-EBA2AE5DE22A}.Debug|Any CPU.Build.0 = Debug|Any CPU
		{4E76A602-4C7E-4C45-B963-EBA2AE5DE22A}.Debug|x64.ActiveCfg = Debug|Any CPU
		{4E76A602-4C7E-4C45-B963-EBA2AE5DE22A}.Debug|x64.Build.0 = Debug|Any CPU
		{4E76A602-4C7E-4C45-B963-EBA2AE5DE22A}.Debug|x86.ActiveCfg = Debug|Any CPU
		{4E76A602-4C7E-4C45-B963-EBA2AE5DE22A}.Debug|x86.Build.0 = Debug|Any CPU
		{4E76A602-4C7E-4C45-B963-EBA2AE5DE22A}.Release|Any CPU.ActiveCfg = Release|Any CPU
		{4E76A602-4C7E-4C45-B963-EBA2AE5DE22A}.Release|Any CPU.Build.0 = Release|Any CPU
		{4E76A602-4C7E-4C45-B963-EBA2AE5DE22A}.Release|x64.ActiveCfg = Release|Any CPU
		{4E76A602-4C7E-4C45-B963-EBA2AE5DE22A}.Release|x64.Build.0 = Release|Any CPU
		{4E76A602-4C7E-4C45-B963-EBA2AE5DE22A}.Release|x86.ActiveCfg = Release|Any CPU
		{4E76A602-4C7E-4C45-B963-EBA2AE5DE22A}.Release|x86.Build.0 = Release|Any CPU
		{F3A412B2-500D-4DAD-8E68-A2A8A7865E3E}.Debug|Any CPU.ActiveCfg = Debug|Any CPU
		{F3A412B2-500D-4DAD-8E68-A2A8A7865E3E}.Debug|Any CPU.Build.0 = Debug|Any CPU
		{F3A412B2-500D-4DAD-8E68-A2A8A7865E3E}.Debug|x64.ActiveCfg = Debug|Any CPU
		{F3A412B2-500D-4DAD-8E68-A2A8A7865E3E}.Debug|x64.Build.0 = Debug|Any CPU
		{F3A412B2-500D-4DAD-8E68-A2A8A7865E3E}.Debug|x86.ActiveCfg = Debug|Any CPU
		{F3A412B2-500D-4DAD-8E68-A2A8A7865E3E}.Debug|x86.Build.0 = Debug|Any CPU
		{F3A412B2-500D-4DAD-8E68-A2A8A7865E3E}.Release|Any CPU.ActiveCfg = Release|Any CPU
		{F3A412B2-500D-4DAD-8E68-A2A8A7865E3E}.Release|Any CPU.Build.0 = Release|Any CPU
		{F3A412B2-500D-4DAD-8E68-A2A8A7865E3E}.Release|x64.ActiveCfg = Release|Any CPU
		{F3A412B2-500D-4DAD-8E68-A2A8A7865E3E}.Release|x64.Build.0 = Release|Any CPU
		{F3A412B2-500D-4DAD-8E68-A2A8A7865E3E}.Release|x86.ActiveCfg = Release|Any CPU
		{F3A412B2-500D-4DAD-8E68-A2A8A7865E3E}.Release|x86.Build.0 = Release|Any CPU
		{8AC38751-1CFD-4EB9-9E05-689C8DECD859}.Debug|Any CPU.ActiveCfg = Debug|Any CPU
		{8AC38751-1CFD-4EB9-9E05-689C8DECD859}.Debug|Any CPU.Build.0 = Debug|Any CPU
		{8AC38751-1CFD-4EB9-9E05-689C8DECD859}.Debug|x64.ActiveCfg = Debug|Any CPU
		{8AC38751-1CFD-4EB9-9E05-689C8DECD859}.Debug|x64.Build.0 = Debug|Any CPU
		{8AC38751-1CFD-4EB9-9E05-689C8DECD859}.Debug|x86.ActiveCfg = Debug|Any CPU
		{8AC38751-1CFD-4EB9-9E05-689C8DECD859}.Debug|x86.Build.0 = Debug|Any CPU
		{8AC38751-1CFD-4EB9-9E05-689C8DECD859}.Release|Any CPU.ActiveCfg = Release|Any CPU
		{8AC38751-1CFD-4EB9-9E05-689C8DECD859}.Release|Any CPU.Build.0 = Release|Any CPU
		{8AC38751-1CFD-4EB9-9E05-689C8DECD859}.Release|x64.ActiveCfg = Release|Any CPU
		{8AC38751-1CFD-4EB9-9E05-689C8DECD859}.Release|x64.Build.0 = Release|Any CPU
		{8AC38751-1CFD-4EB9-9E05-689C8DECD859}.Release|x86.ActiveCfg = Release|Any CPU
		{8AC38751-1CFD-4EB9-9E05-689C8DECD859}.Release|x86.Build.0 = Release|Any CPU
		{E924E1C8-4543-42D8-8D4C-3C692C09BFE4}.Debug|Any CPU.ActiveCfg = Debug|Any CPU
		{E924E1C8-4543-42D8-8D4C-3C692C09BFE4}.Debug|Any CPU.Build.0 = Debug|Any CPU
		{E924E1C8-4543-42D8-8D4C-3C692C09BFE4}.Debug|x64.ActiveCfg = Debug|Any CPU
		{E924E1C8-4543-42D8-8D4C-3C692C09BFE4}.Debug|x64.Build.0 = Debug|Any CPU
		{E924E1C8-4543-42D8-8D4C-3C692C09BFE4}.Debug|x86.ActiveCfg = Debug|Any CPU
		{E924E1C8-4543-42D8-8D4C-3C692C09BFE4}.Debug|x86.Build.0 = Debug|Any CPU
		{E924E1C8-4543-42D8-8D4C-3C692C09BFE4}.Release|Any CPU.ActiveCfg = Release|Any CPU
		{E924E1C8-4543-42D8-8D4C-3C692C09BFE4}.Release|Any CPU.Build.0 = Release|Any CPU
		{E924E1C8-4543-42D8-8D4C-3C692C09BFE4}.Release|x64.ActiveCfg = Release|Any CPU
		{E924E1C8-4543-42D8-8D4C-3C692C09BFE4}.Release|x64.Build.0 = Release|Any CPU
		{E924E1C8-4543-42D8-8D4C-3C692C09BFE4}.Release|x86.ActiveCfg = Release|Any CPU
		{E924E1C8-4543-42D8-8D4C-3C692C09BFE4}.Release|x86.Build.0 = Release|Any CPU
	EndGlobalSection
	GlobalSection(NestedProjects) = preSolution
		{E98BB514-0675-47AD-9803-1CAA1B2D1405} = {752403DB-82F5-496B-B2D9-BBF2C284BCD4}
		{4E76A602-4C7E-4C45-B963-EBA2AE5DE22A} = {A1445F54-733A-4656-9A8F-02A4E6B1979D}
		{F3A412B2-500D-4DAD-8E68-A2A8A7865E3E} = {A1445F54-733A-4656-9A8F-02A4E6B1979D}
		{8AC38751-1CFD-4EB9-9E05-689C8DECD859} = {A1445F54-733A-4656-9A8F-02A4E6B1979D}
		{E924E1C8-4543-42D8-8D4C-3C692C09BFE4} = {A1445F54-733A-4656-9A8F-02A4E6B1979D}
	EndGlobalSection
EndGlobal
